{
	"name": "snowboard-parser",
	"version": "1.1.5",
	"lockfileVersion": 1,
	"requires": true,
	"dependencies": {
		"api-elements": {
			"version": "0.3.1",
			"resolved": "https://registry.npmjs.org/api-elements/-/api-elements-0.3.1.tgz",
			"integrity": "sha512-Pr+2Ch5GXJYwbMFkgs29kn9pLlcm4l9eAxnS195NQ6CnXLReKl6qkl4C4hQhzv+HFZZiS2FD91c6mJrS4owWsQ==",
			"requires": {
				"minim": "^0.23.8",
				"ramda": "^0.27.0"
			}
		},
		"degit": {
			"version": "2.8.0",
			"resolved": "https://registry.npmjs.org/degit/-/degit-2.8.0.tgz",
			"integrity": "sha512-nxQr1Ep4NSGDIqQ3HSMNgnPYaxPfPhHdrpgSNO2EczO86zN7NJJ1i/59GM25vgC45ANQUazZ/3Z+iyeZCmGwhg==",
			"dev": true
		},
		"lodash": {
			"version": "4.17.20",
			"resolved": "https://registry.npmjs.org/lodash/-/lodash-4.17.20.tgz",
			"integrity": "sha512-PlhdFcillOINfeV7Ni6oF1TAEayyZBoZ8bcshTHqOYJYlrqzRK5hagpagky5o4HfCzzd1TRkXPMFq6cKk9rGmA=="
		},
		"minim": {
			"version": "0.23.8",
			"resolved": "https://registry.npmjs.org/minim/-/minim-0.23.8.tgz",
			"integrity": "sha512-bjdr2xW1dBCMsMGGsUeqM4eFI60m94+szhxWys+B1ztIt6gWSfeGBdSVCIawezeHYLYn0j6zrsXdQS/JllBzww==",
			"requires": {
				"lodash": "^4.15.0"
			}
		},
		"nan": {
			"version": "2.14.1",
			"resolved": "https://registry.npmjs.org/nan/-/nan-2.14.1.tgz",
			"integrity": "sha512-isWHgVjnFjh2x2yuJ/tj3JbwoHu3UC2dX5G/88Cm24yB6YopVgxvBObDY7n5xW6ExmFhJpSEQqFPvq9zaXc8Jw=="
		},
		"protagonist": {
			"version": "2.2.1",
			"resolved": "https://registry.npmjs.org/protagonist/-/protagonist-2.2.1.tgz",
			"integrity": "sha512-tgtsGUiFEDqcPzKOlfX9Y4RgcA/nXBEK5vbumqnEsyuktQCyBM6DPLNRL4BPbpcalHZnCBqOTJD+Oz0PiTjuEg==",
			"requires": {
				"nan": "^2.13.2"
			}
		},
		"ramda": {
			"version": "0.27.1",
			"resolved": "https://registry.npmjs.org/ramda/-/ramda-0.27.1.tgz",
			"integrity": "sha512-PgIdVpn5y5Yns8vqb8FzBUEYn98V3xcPgawAkkgj0YJ0qDsnHCiNmZYfOGMgOvoB0eWFLpYbhxUR3mxfDIMvpw=="
		}
	}
}
