{
	"name": "snowboard-linter",
	"version": "1.0.5",
	"lockfileVersion": 1,
	"requires": true,
	"dependencies": {
		"api-elements": {
			"version": "0.2.6",
			"resolved": "https://registry.npmjs.org/api-elements/-/api-elements-0.2.6.tgz",
			"integrity": "sha512-XDt/qzK9a4e6W1JPa2Jmw9I57M8jIF+PH0lp7UjaJornW1hKFgWIlK+DU03F9EVwHNeotq1qBvPtQCj7RIJwwA==",
			"requires": {
				"minim": "^0.23.8",
				"ramda": "^0.27.0"
			}
		},
		"lodash": {
			"version": "4.17.19",
			"resolved": "https://registry.npmjs.org/lodash/-/lodash-4.17.19.tgz",
			"integrity": "sha512-JNvd8XER9GQX0v2qJgsaN/mzFCNA5BRe/j8JN9d+tWyGLSodKQHKFicdwNYzWwI3wjRnaKPsGj1XkBjx/F96DQ=="
		},
		"minim": {
			"version": "0.23.8",
			"resolved": "https://registry.npmjs.org/minim/-/minim-0.23.8.tgz",
			"integrity": "sha512-bjdr2xW1dBCMsMGGsUeqM4eFI60m94+szhxWys+B1ztIt6gWSfeGBdSVCIawezeHYLYn0j6zrsXdQS/JllBzww==",
			"requires": {
				"lodash": "^4.15.0"
			}
		},
		"nan": {
			"version": "2.14.1",
			"resolved": "https://registry.npmjs.org/nan/-/nan-2.14.1.tgz",
			"integrity": "sha512-isWHgVjnFjh2x2yuJ/tj3JbwoHu3UC2dX5G/88Cm24yB6YopVgxvBObDY7n5xW6ExmFhJpSEQqFPvq9zaXc8Jw=="
		},
		"protagonist": {
			"version": "2.2.1",
			"resolved": "https://registry.npmjs.org/protagonist/-/protagonist-2.2.1.tgz",
			"integrity": "sha512-tgtsGUiFEDqcPzKOlfX9Y4RgcA/nXBEK5vbumqnEsyuktQCyBM6DPLNRL4BPbpcalHZnCBqOTJD+Oz0PiTjuEg==",
			"requires": {
				"nan": "^2.13.2"
			}
		},
		"ramda": {
			"version": "0.27.1",
			"resolved": "https://registry.npmjs.org/ramda/-/ramda-0.27.1.tgz",
			"integrity": "sha512-PgIdVpn5y5Yns8vqb8FzBUEYn98V3xcPgawAkkgj0YJ0qDsnHCiNmZYfOGMgOvoB0eWFLpYbhxUR3mxfDIMvpw=="
		},
		"snowboard-parser": {
			"version": "1.1.3",
			"resolved": "https://registry.npmjs.org/snowboard-parser/-/snowboard-parser-1.1.3.tgz",
			"integrity": "sha512-L74utaWXCPJ5K6Z8eqoJzZLvVO4xbi3K2VmVXDxcyPu6MV+oUd+ehn0Saj3sTci0zr3s9HWke8e68ImBrtpS9w==",
			"requires": {
				"api-elements": "^0.2.4",
				"protagonist": "^2.2.0"
			}
		}
	}
}
