{
	"name": "snowboard-theme-winter",
	"version": "1.3.15",
	"lockfileVersion": 1,
	"requires": true,
	"dependencies": {
		"@babel/runtime": {
			"version": "7.9.2",
			"resolved": "https://registry.npmjs.org/@babel/runtime/-/runtime-7.9.2.tgz",
			"integrity": "sha512-NE2DtOdufG7R5vnfQUTehdTfNycfUANEtCa9PssN9O/xmTzP4E08UI797ixaei6hBEVL9BI/PsdJS5x7mWoB9Q==",
			"requires": {
				"regenerator-runtime": "^0.13.4"
			}
		},
		"abstract-nested-router": {
			"version": "0.1.20",
			"resolved": "https://registry.npmjs.org/abstract-nested-router/-/abstract-nested-router-0.1.20.tgz",
			"integrity": "sha512-S2t0VHmBgrodni9e25KxKGmA/FP9BwVO8qnPl77O7TsO9W+E2d23F2IU5ZEofkv00UlxH5ypwCND1qWXaZkjNA=="
		},
		"axios": {
			"version": "0.21.1",
			"resolved": "https://registry.npmjs.org/axios/-/axios-0.21.1.tgz",
			"integrity": "sha512-dKQiRHxGD9PPRIUNIWvZhPTPpl1rf/OxTYKsqKUDjBwYylTvV7SjSHJb9ratfyzM6wCdLCOYLzs73qpg5c4iGA==",
			"requires": {
				"follow-redirects": "^1.10.0"
			}
		},
		"axios-oauth-client": {
			"version": "1.4.1",
			"resolved": "https://registry.npmjs.org/axios-oauth-client/-/axios-oauth-client-1.4.1.tgz",
			"integrity": "sha512-3Q/FO48p4a18s1K2hYjVKfP+roviryEhwcIZyYY8RzhAy63EIy1cwlW0+LzdU2ofEGDJyeXb4PAscyAzOdhhCw==",
			"requires": {
				"qs": "^6.10.1"
			}
		},
		"brace": {
			"version": "0.11.1",
			"resolved": "https://registry.npmjs.org/brace/-/brace-0.11.1.tgz",
			"integrity": "sha1-SJb8ydVE7vRfS7dmDbMg07N5/lg="
		},
		"call-bind": {
			"version": "1.0.2",
			"resolved": "https://registry.npmjs.org/call-bind/-/call-bind-1.0.2.tgz",
			"integrity": "sha512-7O+FbCihrB5WGbFYesctwmTKae6rOiIzmz1icreWJ+0aA7LJfuqhEso2T9ncpcFtzMQtzXf2QGGueWJGTYsqrA==",
			"requires": {
				"function-bind": "^1.1.1",
				"get-intrinsic": "^1.0.2"
			}
		},
		"clipboard-copy": {
			"version": "3.2.0",
			"resolved": "https://registry.npmjs.org/clipboard-copy/-/clipboard-copy-3.2.0.tgz",
			"integrity": "sha512-vooFaGFL6ulEP1liiaWFBmmfuPm3cY3y7T9eB83ZTnYc/oFeAKsq3NcDrOkBC8XaauEE8zHQwI7k0+JSYiVQSQ=="
		},
		"crypto-js": {
			"version": "3.3.0",
			"resolved": "https://registry.npmjs.org/crypto-js/-/crypto-js-3.3.0.tgz",
			"integrity": "sha512-DIT51nX0dCfKltpRiXV+/TVZq+Qq2NgF4644+K7Ttnla7zEzqc+kjJyiB96BHNyUTBxyjzRcZYpUdZa+QAqi6Q=="
		},
		"cuint": {
			"version": "0.2.2",
			"resolved": "https://registry.npmjs.org/cuint/-/cuint-0.2.2.tgz",
			"integrity": "sha1-QICG1AlVDCYxFVYZ6fp7ytw7mRs="
		},
		"debug": {
			"version": "3.1.0",
			"resolved": "https://registry.npmjs.org/debug/-/debug-3.1.0.tgz",
			"integrity": "sha512-OX8XqP7/1a9cqkxYw2yXss15f26NKWBpDXQd0/uK/KPqdQhxbPa994hnzjcE2VqQpDslf55723cKPUOGSmMY3g==",
			"requires": {
				"ms": "2.0.0"
			}
		},
		"decode-uri-component": {
			"version": "0.2.0",
			"resolved": "https://registry.npmjs.org/decode-uri-component/-/decode-uri-component-0.2.0.tgz",
			"integrity": "sha1-6zkTMzRYd1y4TNGh+uBiEGu4dUU="
		},
		"fast-json-stable-stringify": {
			"version": "2.1.0",
			"resolved": "https://registry.npmjs.org/fast-json-stable-stringify/-/fast-json-stable-stringify-2.1.0.tgz",
			"integrity": "sha512-lhd/wF+Lk98HZoTCtlVraHtfh5XYijIjalXck7saUtuanSDyLMxnHhSXEDJqHxD7msR8D0uCmqlkwjCV8xvwHw=="
		},
		"follow-redirects": {
			"version": "1.13.1",
			"resolved": "https://registry.npmjs.org/follow-redirects/-/follow-redirects-1.13.1.tgz",
			"integrity": "sha512-SSG5xmZh1mkPGyKzjZP8zLjltIfpW32Y5QpdNJyjcfGxK3qo3NDDkZOZSFiGn1A6SclQxY9GzEwAHQ3dmYRWpg=="
		},
		"function-bind": {
			"version": "1.1.1",
			"resolved": "https://registry.npmjs.org/function-bind/-/function-bind-1.1.1.tgz",
			"integrity": "sha512-yIovAzMX49sF8Yl58fSCWJ5svSLuaibPxXQJFLmBObTuCr0Mf1KiPopGM9NiFjiYBCbfaa2Fh6breQ6ANVTI0A=="
		},
		"get-intrinsic": {
			"version": "1.1.1",
			"resolved": "https://registry.npmjs.org/get-intrinsic/-/get-intrinsic-1.1.1.tgz",
			"integrity": "sha512-kWZrnVM42QCiEA2Ig1bG8zjoIMOgxWwYCEeNdwY6Tv/cOSeGpcoX4pXHfKUxNKVoArnrEr2e9srnAxxGIraS9Q==",
			"requires": {
				"function-bind": "^1.1.1",
				"has": "^1.0.3",
				"has-symbols": "^1.0.1"
			}
		},
		"has": {
			"version": "1.0.3",
			"resolved": "https://registry.npmjs.org/has/-/has-1.0.3.tgz",
			"integrity": "sha512-f2dvO0VU6Oej7RkWJGrehjbzMAjFp5/VKPp5tTpWIV4JHHZK1/BxbFRtf/siA2SWTe09caDmVtYYzWEIbBS4zw==",
			"requires": {
				"function-bind": "^1.1.1"
			}
		},
		"has-symbols": {
			"version": "1.0.2",
			"resolved": "https://registry.npmjs.org/has-symbols/-/has-symbols-1.0.2.tgz",
			"integrity": "sha512-chXa79rL/UC2KlX17jo3vRGz0azaWEx5tGqZg5pO3NUyEJVB17dMruQlzCCOfUvElghKcm5194+BCRvi2Rv/Gw=="
		},
		"history": {
			"version": "4.10.1",
			"resolved": "https://registry.npmjs.org/history/-/history-4.10.1.tgz",
			"integrity": "sha512-36nwAD620w12kuzPAsyINPWJqlNbij+hpK1k9XRloDtym8mxzGYl2c17LnV6IAGB2Dmg4tEa7G7DlawS0+qjew==",
			"requires": {
				"@babel/runtime": "^7.1.2",
				"loose-envify": "^1.2.0",
				"resolve-pathname": "^3.0.0",
				"tiny-invariant": "^1.0.2",
				"tiny-warning": "^1.0.0",
				"value-equal": "^1.0.1"
			}
		},
		"js-tokens": {
			"version": "4.0.0",
			"resolved": "https://registry.npmjs.org/js-tokens/-/js-tokens-4.0.0.tgz",
			"integrity": "sha512-RdJUflcE3cUzKiMqQgsCu06FPu9UdIJO0beYbPhHN4k6apgJtifcoCtT9bcxOpYBtpD2kCM6Sbzg4CausW/PKQ=="
		},
		"json-parse-safe": {
			"version": "2.0.0",
			"resolved": "https://registry.npmjs.org/json-parse-safe/-/json-parse-safe-2.0.0.tgz",
			"integrity": "sha512-aK7Ccg46n9JkRil/M5s8ytNP9wk0Tc0TsTDVMOYxB2cGsL7XFJ1vfWsurkVZy6zR55KZ+2SWHEuzQeZK4PH6lg=="
		},
		"lodash": {
			"version": "4.17.21",
			"resolved": "https://registry.npmjs.org/lodash/-/lodash-4.17.21.tgz",
			"integrity": "sha512-v2kDEe57lecTulaDIuNTPy3Ry4gLGJ6Z1O3vE1krgXZNrsQ+LFTGHVxVjcXPs17LhbZVGedAJv8XZ1tvj5FvSg=="
		},
		"loose-envify": {
			"version": "1.4.0",
			"resolved": "https://registry.npmjs.org/loose-envify/-/loose-envify-1.4.0.tgz",
			"integrity": "sha512-lyuxPGr/Wfhrlem2CL/UcnUc1zcqKAImBDzukY7Y5F/yQiNdko6+fRLevlw1HgMySw7f611UIY408EtxRSoK3Q==",
			"requires": {
				"js-tokens": "^3.0.0 || ^4.0.0"
			}
		},
		"marked": {
			"version": "2.0.0",
			"resolved": "https://registry.npmjs.org/marked/-/marked-2.0.0.tgz",
			"integrity": "sha512-NqRSh2+LlN2NInpqTQnS614Y/3NkVMFFU6sJlRFEpxJ/LHuK/qJECH7/fXZjk4VZstPW/Pevjil/VtSONsLc7Q=="
		},
		"ms": {
			"version": "2.0.0",
			"resolved": "https://registry.npmjs.org/ms/-/ms-2.0.0.tgz",
			"integrity": "sha1-VgiurfwAvmwpAd9fmGF4jeDVl8g="
		},
		"navi": {
			"version": "0.14.0",
			"resolved": "https://registry.npmjs.org/navi/-/navi-0.14.0.tgz",
			"integrity": "sha512-lp0nAhU/0HLRcrASlxTpjNFmfr0AHYbCi9IZtQqhRbYaXdOpROoE4wjAlQJHf/qQ4KttAT6JRZCMNQXk0FzsVw==",
			"requires": {
				"history": "^4.9.0"
			}
		},
		"object-inspect": {
			"version": "1.10.3",
			"resolved": "https://registry.npmjs.org/object-inspect/-/object-inspect-1.10.3.tgz",
			"integrity": "sha512-e5mCJlSH7poANfC8z8S9s9S2IN5/4Zb3aZ33f5s8YqoazCFzNLloLU8r5VCG+G7WoqLvAAZoVMcy3tp/3X0Plw=="
		},
		"pkce": {
			"version": "1.0.0-beta2",
			"resolved": "https://registry.npmjs.org/pkce/-/pkce-1.0.0-beta2.tgz",
			"integrity": "sha512-wTUwJYyhg1FjUuz9RjdmjorjeOB19Ch2GNIyLfWe5X7Ci4dbHU8ufhI3igZdG9mp43WqrePcIAEGXREuXpzcnA==",
			"requires": {
				"crypto-js": "^3.1.9-1",
				"secure-random": "^1.1.2"
			}
		},
		"prismjs": {
			"version": "1.24.0",
			"resolved": "https://registry.npmjs.org/prismjs/-/prismjs-1.24.0.tgz",
			"integrity": "sha512-SqV5GRsNqnzCL8k5dfAjCNhUrF3pR0A9lTDSCUZeh/LIshheXJEaP0hwLz2t4XHivd2J/v2HR+gRnigzeKe3cQ=="
		},
		"qs": {
			"version": "6.10.1",
			"resolved": "https://registry.npmjs.org/qs/-/qs-6.10.1.tgz",
			"integrity": "sha512-M528Hph6wsSVOBiYUnGf+K/7w0hNshs/duGsNXPUCLH5XAqjEtiPGwNONLV0tBH8NoGb0mvD5JubnUTrujKDTg==",
			"requires": {
				"side-channel": "^1.0.4"
			}
		},
		"query-string": {
			"version": "6.13.1",
			"resolved": "https://registry.npmjs.org/query-string/-/query-string-6.13.1.tgz",
			"integrity": "sha512-RfoButmcK+yCta1+FuU8REvisx1oEzhMKwhLUNcepQTPGcNMp1sIqjnfCtfnvGSQZQEhaBHvccujtWoUV3TTbA==",
			"requires": {
				"decode-uri-component": "^0.2.0",
				"split-on-first": "^1.0.0",
				"strict-uri-encode": "^2.0.0"
			}
		},
		"querystringify": {
			"version": "2.2.0",
			"resolved": "https://registry.npmjs.org/querystringify/-/querystringify-2.2.0.tgz",
			"integrity": "sha512-FIqgj2EUvTa7R50u0rGsyTftzjYmv/a3hO345bZNrqabNqjtgiDMgmo4mkUjd+nzU5oF3dClKqFIPUKybUyqoQ=="
		},
		"r2curl": {
			"version": "0.2.4",
			"resolved": "https://registry.npmjs.org/r2curl/-/r2curl-0.2.4.tgz",
			"integrity": "sha512-RFDeBsmD1Kr4XuE75pdqx6X/K76V6yXErVjBbfJS3VwF9QYqktB+yslGivATSiwJc94hLpDzP2RRfVR962yrDQ==",
			"requires": {
				"debug": "^4.1.1"
			},
			"dependencies": {
				"debug": {
					"version": "4.3.1",
					"resolved": "https://registry.npmjs.org/debug/-/debug-4.3.1.tgz",
					"integrity": "sha512-doEwdvm4PCeK4K3RQN2ZC2BYUBaxwLARCqZmMjtF8a51J2Rb0xpVloFRnCODwqjpwnAoao4pelN8l3RJdv3gRQ==",
					"requires": {
						"ms": "2.1.2"
					}
				},
				"ms": {
					"version": "2.1.2",
					"resolved": "https://registry.npmjs.org/ms/-/ms-2.1.2.tgz",
					"integrity": "sha512-sGkPx+VjMtmA6MX27oA4FBFELFCZZ4S4XqeGOXCv68tT+jb3vk/RyaKWP0PTKyWtmLSM0b+adUTEvbs1PEaH2w=="
				}
			}
		},
		"regenerator-runtime": {
			"version": "0.13.5",
			"resolved": "https://registry.npmjs.org/regenerator-runtime/-/regenerator-runtime-0.13.5.tgz",
			"integrity": "sha512-ZS5w8CpKFinUzOwW3c83oPeVXoNsrLsaCoLtJvAClH135j/R77RuymhiSErhm2lKcwSCIpmvIWSbDkIfAqKQlA=="
		},
		"requires-port": {
			"version": "1.0.0",
			"resolved": "https://registry.npmjs.org/requires-port/-/requires-port-1.0.0.tgz",
			"integrity": "sha1-kl0mAdOaxIXgkc8NpcbmlNw9yv8="
		},
		"resolve-pathname": {
			"version": "3.0.0",
			"resolved": "https://registry.npmjs.org/resolve-pathname/-/resolve-pathname-3.0.0.tgz",
			"integrity": "sha512-C7rARubxI8bXFNB/hqcp/4iUeIXJhJZvFPFPiSPRnhU5UPxzMFIl+2E6yY6c4k9giDJAhtV+enfA+G89N6Csng=="
		},
		"safe-json-stringify": {
			"version": "1.2.0",
			"resolved": "https://registry.npmjs.org/safe-json-stringify/-/safe-json-stringify-1.2.0.tgz",
			"integrity": "sha512-gH8eh2nZudPQO6TytOvbxnuhYBOvDBBLW52tz5q6X58lJcd/tkmqFR+5Z9adS8aJtURSXWThWy/xJtJwixErvg=="
		},
		"secure-random": {
			"version": "1.1.2",
			"resolved": "https://registry.npmjs.org/secure-random/-/secure-random-1.1.2.tgz",
			"integrity": "sha512-H2bdSKERKdBV1SwoqYm6C0y+9EA94v6SUBOWO8kDndc4NoUih7Dv6Tsgma7zO1lv27wIvjlD0ZpMQk7um5dheQ=="
		},
		"side-channel": {
			"version": "1.0.4",
			"resolved": "https://registry.npmjs.org/side-channel/-/side-channel-1.0.4.tgz",
			"integrity": "sha512-q5XPytqFEIKHkGdiMIrY10mvLRvnQh42/+GoBlFW3b2LXLE2xxJpZFdm94we0BaoV3RwJyGqg5wS7epxTv0Zvw==",
			"requires": {
				"call-bind": "^1.0.0",
				"get-intrinsic": "^1.0.2",
				"object-inspect": "^1.9.0"
			}
		},
		"snowboard-theme-helper": {
			"version": "1.1.13",
			"resolved": "https://registry.npmjs.org/snowboard-theme-helper/-/snowboard-theme-helper-1.1.13.tgz",
			"integrity": "sha512-nn8yAdlEnk1U5OIqdXsos5wBPA9bbbQ12qmu7rjtPbt/9tfOqqiMavwdFWt8DXKSoPPbjOPvDncea6mybtUeFg==",
			"requires": {
				"axios": "^0.19.2",
				"axios-oauth-client": "^1.3.0",
				"clipboard-copy": "^3.1.0",
				"fast-json-stable-stringify": "^2.1.0",
				"json-parse-safe": "^2.0.0",
				"lodash": "^4.17.19",
				"pkce": "^1.0.0-beta2",
				"querystringify": "^2.1.1",
				"r2curl": "^0.2.2",
				"speakingurl": "^14.0.1",
				"store2": "^2.11.2",
				"uritemplate": "^0.3.4",
				"url-join": "^4.0.1",
				"url-parse": "^1.4.7",
				"xxhashjs": "^0.2.2"
			},
			"dependencies": {
				"axios": {
					"version": "0.19.2",
					"resolved": "https://registry.npmjs.org/axios/-/axios-0.19.2.tgz",
					"integrity": "sha512-fjgm5MvRHLhx+osE2xoekY70AhARk3a6hkN+3Io1jc00jtquGvxYlKlsFUhmUET0V5te6CcZI7lcv2Ym61mjHA==",
					"requires": {
						"follow-redirects": "1.5.10"
					}
				},
				"follow-redirects": {
					"version": "1.5.10",
					"resolved": "https://registry.npmjs.org/follow-redirects/-/follow-redirects-1.5.10.tgz",
					"integrity": "sha512-0V5l4Cizzvqt5D44aTXbFZz+FtyXV1vrDN6qrelxtfYQKW0KO0W2T/hkE8xvGa/540LkZlkaUjO4ailYTFtHVQ==",
					"requires": {
						"debug": "=3.1.0"
					}
				}
			}
		},
		"speakingurl": {
			"version": "14.0.1",
			"resolved": "https://registry.npmjs.org/speakingurl/-/speakingurl-14.0.1.tgz",
			"integrity": "sha512-1POYv7uv2gXoyGFpBCmpDVSNV74IfsWlDW216UPjbWufNf+bSU6GdbDsxdcxtfwb4xlI3yxzOTKClUosxARYrQ=="
		},
		"split-on-first": {
			"version": "1.1.0",
			"resolved": "https://registry.npmjs.org/split-on-first/-/split-on-first-1.1.0.tgz",
			"integrity": "sha512-43ZssAJaMusuKWL8sKUBQXHWOpq8d6CfN/u1p4gUzfJkM05C8rxTmYrkIPTXapZpORA6LkkzcUulJ8FqA7Uudw=="
		},
		"store2": {
			"version": "2.12.0",
			"resolved": "https://registry.npmjs.org/store2/-/store2-2.12.0.tgz",
			"integrity": "sha512-7t+/wpKLanLzSnQPX8WAcuLCCeuSHoWdQuh9SB3xD0kNOM38DNf+0Oa+wmvxmYueRzkmh6IcdKFtvTa+ecgPDw=="
		},
		"strict-uri-encode": {
			"version": "2.0.0",
			"resolved": "https://registry.npmjs.org/strict-uri-encode/-/strict-uri-encode-2.0.0.tgz",
			"integrity": "sha1-ucczDHBChi9rFC3CdLvMWGbONUY="
		},
		"svelte": {
			"version": "3.38.2",
			"resolved": "https://registry.npmjs.org/svelte/-/svelte-3.38.2.tgz",
			"integrity": "sha512-q5Dq0/QHh4BLJyEVWGe7Cej5NWs040LWjMbicBGZ+3qpFWJ1YObRmUDZKbbovddLC9WW7THTj3kYbTOFmU9fbg=="
		},
		"svelte-ace-editor": {
			"version": "0.0.2",
			"resolved": "https://registry.npmjs.org/svelte-ace-editor/-/svelte-ace-editor-0.0.2.tgz",
			"integrity": "sha512-GutGo2bG6v0KqAMoNKhXyg6o9iutrEGAm2NQqfb+7lWzZLY54oN3Bs1yK+CN7kg4zMuZTIdDsdBKw4DqQkPHyw==",
			"requires": {
				"brace": "^0.11.1"
			}
		},
		"tiny-invariant": {
			"version": "1.1.0",
			"resolved": "https://registry.npmjs.org/tiny-invariant/-/tiny-invariant-1.1.0.tgz",
			"integrity": "sha512-ytxQvrb1cPc9WBEI/HSeYYoGD0kWnGEOR8RY6KomWLBVhqz0RgTwVO9dLrGz7dC+nN9llyI7OKAgRq8Vq4ZBSw=="
		},
		"tiny-warning": {
			"version": "1.0.3",
			"resolved": "https://registry.npmjs.org/tiny-warning/-/tiny-warning-1.0.3.tgz",
			"integrity": "sha512-lBN9zLN/oAf68o3zNXYrdCt1kP8WsiGW8Oo2ka41b2IM5JL/S1CTyX1rW0mb/zSuJun0ZUrDxx4sqvYS2FWzPA=="
		},
		"uritemplate": {
			"version": "0.3.4",
			"resolved": "https://registry.npmjs.org/uritemplate/-/uritemplate-0.3.4.tgz",
			"integrity": "sha1-BdCoU/+8iw9Jqj1NKtd3sNHuBww="
		},
		"url-join": {
			"version": "4.0.1",
			"resolved": "https://registry.npmjs.org/url-join/-/url-join-4.0.1.tgz",
			"integrity": "sha512-jk1+QP6ZJqyOiuEI9AEWQfju/nB2Pw466kbA0LEZljHwKeMgd9WrAEgEGxjPDD2+TNbbb37rTyhEfrCXfuKXnA=="
		},
		"url-parse": {
			"version": "1.5.1",
			"resolved": "https://registry.npmjs.org/url-parse/-/url-parse-1.5.1.tgz",
			"integrity": "sha512-HOfCOUJt7iSYzEx/UqgtwKRMC6EU91NFhsCHMv9oM03VJcVo2Qrp8T8kI9D7amFf1cu+/3CEhgb3rF9zL7k85Q==",
			"requires": {
				"querystringify": "^2.1.1",
				"requires-port": "^1.0.0"
			}
		},
		"value-equal": {
			"version": "1.0.1",
			"resolved": "https://registry.npmjs.org/value-equal/-/value-equal-1.0.1.tgz",
			"integrity": "sha512-NOJ6JZCAWr0zlxZt+xqCHNTEKOsrks2HQd4MqhP1qy4z1SkbEP467eNx6TgDKXMvUOb+OENfJCZwM+16n7fRfw=="
		},
		"xxhashjs": {
			"version": "0.2.2",
			"resolved": "https://registry.npmjs.org/xxhashjs/-/xxhashjs-0.2.2.tgz",
			"integrity": "sha512-AkTuIuVTET12tpsVIQo+ZU6f/qDmKuRUcjaqR+OIvm+aCBsZ95i7UVY5WJ9TMsSaZ0DA2WxoZ4acu0sPH+OKAw==",
			"requires": {
				"cuint": "^0.2.2"
			}
		},
		"yrv": {
			"version": "0.0.29",
			"resolved": "https://registry.npmjs.org/yrv/-/yrv-0.0.29.tgz",
			"integrity": "sha512-Vdy2UxTopmNRbRdijBrKTgwjmSf6qB95zsEM/FWhbfk1IKRIrNQCOMg/na9GlxWZ2hZjQTcXgUwoA9uICatKig==",
			"requires": {
				"abstract-nested-router": "^0.1.19",
				"query-string": "^6.8.3"
			}
		}
	}
}
